
Microsoft Visual Studio Solution File, Format Version 12.00
# Visual Studio Version 17
VisualStudioVersion = 17.14.36915.13 d17.14
MinimumVisualStudioVersion = 10.0.40219.1
Project("{FAE04EC0-301F-11D3-BF4B-00C04F79EFBC}") = "DesignPatternsAssignment", "DesignPatternsAssignment.csproj", "{6340A754-4477-4125-ADAD-7B18C3B0D00E}"
EndProject
Global
	GlobalSection(SolutionConfigurationPlatforms) = preSolution
		Debug|Any CPU = Debug|Any CPU
		Release|Any CPU = Release|Any CPU
	EndGlobalSection
	GlobalSection(ProjectConfigurationPlatforms) = postSolution
		{6340A754-4477-4125-ADAD-7B18C3B0D00E}.Debug|Any CPU.ActiveCfg = Debug|Any CPU
		{6340A754-4477-4125-ADAD-7B18C3B0D00E}.Debug|Any CPU.Build.0 = Debug|Any CPU
		{6340A754-4477-4125-ADAD-7B18C3B0D00E}.Release|Any CPU.ActiveCfg = Release|Any CPU
		{6340A754-4477-4125-ADAD-7B18C3B0D00E}.Release|Any CPU.Build.0 = Release|Any CPU
	EndGlobalSection
	GlobalSection(SolutionProperties) = preSolution
		HideSolutionNode = FALSE
	EndGlobalSection
	GlobalSection(ExtensibilityGlobals) = postSolution
		SolutionGuid = {C3AA4FD5-EF47-4899-8E69-69729B50A825}
	EndGlobalSection
EndGlobal
